
Microsoft Visual Studio Solution File, Format Version 12.00
# Visual Studio Version 16
VisualStudioVersion = 16.0.32413.511
MinimumVisualStudioVersion = 10.0.40219.1
Project("{FAE04EC0-301F-11D3-BF4B-00C04F79EFBC}") = "ArraySort", "ArraySort\ArraySort.csproj", "{378E5449-E0D0-4AAE-9242-E13F34E753A6}"
EndProject
Global
	GlobalSection(SolutionConfigurationPlatforms) = preSolution
		Debug|Any CPU = Debug|Any CPU
		Release|Any CPU = Release|Any CPU
	EndGlobalSection
	GlobalSection(ProjectConfigurationPlatforms) = postSolution
		{378E5449-E0D0-4AAE-9242-E13F34E753A6}.Debug|Any CPU.ActiveCfg = Debug|Any CPU
		{378E5449-E0D0-4AAE-9242-E13F34E753A6}.Debug|Any CPU.Build.0 = Debug|Any CPU
		{378E5449-E0D0-4AAE-9242-E13F34E753A6}.Release|Any CPU.ActiveCfg = Release|Any CPU
		{378E5449-E0D0-4AAE-9242-E13F34E753A6}.Release|Any CPU.Build.0 = Release|Any CPU
	EndGlobalSection
	GlobalSection(SolutionProperties) = preSolution
		HideSolutionNode = FALSE
	EndGlobalSection
	GlobalSection(ExtensibilityGlobals) = postSolution
		SolutionGuid = {00E0408E-1592-4318-A0D9-D6B202548519}
	EndGlobalSection
EndGlobal
