
Microsoft Visual Studio Solution File, Format Version 12.00
# Visual Studio Version 16
VisualStudioVersion = 16.0.32413.511
MinimumVisualStudioVersion = 10.0.40219.1
Project("{FAE04EC0-301F-11D3-BF4B-00C04F79EFBC}") = "ProveWindowsForm", "ProveWindowsForm\ProveWindowsForm.csproj", "{C9956829-A963-4E16-9B21-EB35353E0BEF}"
EndProject
Global
	GlobalSection(SolutionConfigurationPlatforms) = preSolution
		Debug|Any CPU = Debug|Any CPU
		Release|Any CPU = Release|Any CPU
	EndGlobalSection
	GlobalSection(ProjectConfigurationPlatforms) = postSolution
		{C9956829-A963-4E16-9B21-EB35353E0BEF}.Debug|Any CPU.ActiveCfg = Debug|Any CPU
		{C9956829-A963-4E16-9B21-EB35353E0BEF}.Debug|Any CPU.Build.0 = Debug|Any CPU
		{C9956829-A963-4E16-9B21-EB35353E0BEF}.Release|Any CPU.ActiveCfg = Release|Any CPU
		{C9956829-A963-4E16-9B21-EB35353E0BEF}.Release|Any CPU.Build.0 = Release|Any CPU
	EndGlobalSection
	GlobalSection(SolutionProperties) = preSolution
		HideSolutionNode = FALSE
	EndGlobalSection
	GlobalSection(ExtensibilityGlobals) = postSolution
		SolutionGuid = {E338F7E1-2ACB-4DF3-8B85-D88DEDA2E563}
	EndGlobalSection
EndGlobal
