
Microsoft Visual Studio Solution File, Format Version 12.00
# Visual Studio Version 16
VisualStudioVersion = 16.0.31729.503
MinimumVisualStudioVersion = 10.0.40219.1
Project("{FAE04EC0-301F-11D3-BF4B-00C04F79EFBC}") = "stringText3103", "stringText3103.csproj", "{9F171580-C638-4D19-AC34-BC65DF9701E5}"
EndProject
Global
	GlobalSection(SolutionConfigurationPlatforms) = preSolution
		Debug|Any CPU = Debug|Any CPU
		Release|Any CPU = Release|Any CPU
	EndGlobalSection
	GlobalSection(ProjectConfigurationPlatforms) = postSolution
		{9F171580-C638-4D19-AC34-BC65DF9701E5}.Debug|Any CPU.ActiveCfg = Debug|Any CPU
		{9F171580-C638-4D19-AC34-BC65DF9701E5}.Debug|Any CPU.Build.0 = Debug|Any CPU
		{9F171580-C638-4D19-AC34-BC65DF9701E5}.Release|Any CPU.ActiveCfg = Release|Any CPU
		{9F171580-C638-4D19-AC34-BC65DF9701E5}.Release|Any CPU.Build.0 = Release|Any CPU
	EndGlobalSection
	GlobalSection(SolutionProperties) = preSolution
		HideSolutionNode = FALSE
	EndGlobalSection
	GlobalSection(ExtensibilityGlobals) = postSolution
		SolutionGuid = {49544D19-2985-47AA-91F4-84E4FC755667}
	EndGlobalSection
EndGlobal
